
Microsoft Visual Studio Solution File, Format Version 12.00
# Visual Studio 15
VisualStudioVersion = 15.0.27703.2047
MinimumVisualStudioVersion = 10.0.40219.1
Project("{FAE04EC0-301F-11D3-BF4B-00C04F79EFBC}") = "ControlSystemMessage.Android", "ControlSystemMessage\ControlSystemMessage.Android\ControlSystemMessage.Android.csproj", "{FA0FE200-A895-4BB6-9D89-3278760BCEC2}"
EndProject
Project("{FAE04EC0-301F-11D3-BF4B-00C04F79EFBC}") = "ControlSystemMessage.iOS", "ControlSystemMessage\ControlSystemMessage.iOS\ControlSystemMessage.iOS.csproj", "{27297E3A-2FB7-4931-92D0-45E330650308}"
EndProject
Project("{FAE04EC0-301F-11D3-BF4B-00C04F79EFBC}") = "ControlSystemMessage", "ControlSystemMessage\ControlSystemMessage\ControlSystemMessage.csproj", "{B42ED7AF-D19E-4B23-89A5-848B470430E1}"
EndProject
Global
	GlobalSection(SolutionConfigurationPlatforms) = preSolution
		Ad-Hoc|Any CPU = Ad-Hoc|Any CPU
		Ad-Hoc|iPhone = Ad-Hoc|iPhone
		Ad-Hoc|iPhoneSimulator = Ad-Hoc|iPhoneSimulator
		AppStore|Any CPU = AppStore|Any CPU
		AppStore|iPhone = AppStore|iPhone
		AppStore|iPhoneSimulator = AppStore|iPhoneSimulator
		Debug|Any CPU = Debug|Any CPU
		Debug|iPhone = Debug|iPhone
		Debug|iPhoneSimulator = Debug|iPhoneSimulator
		Release|Any CPU = Release|Any CPU
		Release|iPhone = Release|iPhone
		Release|iPhoneSimulator = Release|iPhoneSimulator
	EndGlobalSection
	GlobalSection(ProjectConfigurationPlatforms) = postSolution
		{FA0FE200-A895-4BB6-9D89-3278760BCEC2}.Ad-Hoc|Any CPU.ActiveCfg = Release|Any CPU
		{FA0FE200-A895-4BB6-9D89-3278760BCEC2}.Ad-Hoc|Any CPU.Build.0 = Release|Any CPU
		{FA0FE200-A895-4BB6-9D89-3278760BCEC2}.Ad-Hoc|Any CPU.Deploy.0 = Release|Any CPU
		{FA0FE200-A895-4BB6-9D89-3278760BCEC2}.Ad-Hoc|iPhone.ActiveCfg = Release|Any CPU
		{FA0FE200-A895-4BB6-9D89-3278760BCEC2}.Ad-Hoc|iPhone.Build.0 = Release|Any CPU
		{FA0FE200-A895-4BB6-9D89-3278760BCEC2}.Ad-Hoc|iPhone.Deploy.0 = Release|Any CPU
		{FA0FE200-A895-4BB6-9D89-3278760BCEC2}.Ad-Hoc|iPhoneSimulator.ActiveCfg = Release|Any CPU
		{FA0FE200-A895-4BB6-9D89-3278760BCEC2}.Ad-Hoc|iPhoneSimulator.Build.0 = Release|Any CPU
		{FA0FE200-A895-4BB6-9D89-3278760BCEC2}.Ad-Hoc|iPhoneSimulator.Deploy.0 = Release|Any CPU
		{FA0FE200-A895-4BB6-9D89-3278760BCEC2}.AppStore|Any CPU.ActiveCfg = Release|Any CPU
		{FA0FE200-A895-4BB6-9D89-3278760BCEC2}.AppStore|Any CPU.Build.0 = Release|Any CPU
		{FA0FE200-A895-4BB6-9D89-3278760BCEC2}.AppStore|Any CPU.Deploy.0 = Release|Any CPU
		{FA0FE200-A895-4BB6-9D89-3278760BCEC2}.AppStore|iPhone.ActiveCfg = Release|Any CPU
		{FA0FE200-A895-4BB6-9D89-3278760BCEC2}.AppStore|iPhone.Build.0 = Release|Any CPU
		{FA0FE200-A895-4BB6-9D89-3278760BCEC2}.AppStore|iPhone.Deploy.0 = Release|Any CPU
		{FA0FE200-A895-4BB6-9D89-3278760BCEC2}.AppStore|iPhoneSimulator.ActiveCfg = Release|Any CPU
		{FA0FE200-A895-4BB6-9D89-3278760BCEC2}.AppStore|iPhoneSimulator.Build.0 = Release|Any CPU
		{FA0FE200-A895-4BB6-9D89-3278760BCEC2}.AppStore|iPhoneSimulator.Deploy.0 = Release|Any CPU
		{FA0FE200-A895-4BB6-9D89-3278760BCEC2}.Debug|Any CPU.ActiveCfg = Debug|Any CPU
		{FA0FE200-A895-4BB6-9D89-3278760BCEC2}.Debug|Any CPU.Build.0 = Debug|Any CPU
		{FA0FE200-A895-4BB6-9D89-3278760BCEC2}.Debug|Any CPU.Deploy.0 = Debug|Any CPU
		{FA0FE200-A895-4BB6-9D89-3278760BCEC2}.Debug|iPhone.ActiveCfg = Debug|Any CPU
		{FA0FE200-A895-4BB6-9D89-3278760BCEC2}.Debug|iPhone.Build.0 = Debug|Any CPU
		{FA0FE200-A895-4BB6-9D89-3278760BCEC2}.Debug|iPhone.Deploy.0 = Debug|Any CPU
		{FA0FE200-A895-4BB6-9D89-3278760BCEC2}.Debug|iPhoneSimulator.ActiveCfg = Debug|Any CPU
		{FA0FE200-A895-4BB6-9D89-3278760BCEC2}.Debug|iPhoneSimulator.Build.0 = Debug|Any CPU
		{FA0FE200-A895-4BB6-9D89-3278760BCEC2}.Debug|iPhoneSimulator.Deploy.0 = Debug|Any CPU
		{FA0FE200-A895-4BB6-9D89-3278760BCEC2}.Release|Any CPU.ActiveCfg = Release|Any CPU
		{FA0FE200-A895-4BB6-9D89-3278760BCEC2}.Release|Any CPU.Build.0 = Release|Any CPU
		{FA0FE200-A895-4BB6-9D89-3278760BCEC2}.Release|Any CPU.Deploy.0 = Release|Any CPU
		{FA0FE200-A895-4BB6-9D89-3278760BCEC2}.Release|iPhone.ActiveCfg = Release|Any CPU
		{FA0FE200-A895-4BB6-9D89-3278760BCEC2}.Release|iPhone.Build.0 = Release|Any CPU
		{FA0FE200-A895-4BB6-9D89-3278760BCEC2}.Release|iPhone.Deploy.0 = Release|Any CPU
		{FA0FE200-A895-4BB6-9D89-3278760BCEC2}.Release|iPhoneSimulator.ActiveCfg = Release|Any CPU
		{FA0FE200-A895-4BB6-9D89-3278760BCEC2}.Release|iPhoneSimulator.Build.0 = Release|Any CPU
		{FA0FE200-A895-4BB6-9D89-3278760BCEC2}.Release|iPhoneSimulator.Deploy.0 = Release|Any CPU
		{27297E3A-2FB7-4931-92D0-45E330650308}.Ad-Hoc|Any CPU.ActiveCfg = Ad-Hoc|iPhone
		{27297E3A-2FB7-4931-92D0-45E330650308}.Ad-Hoc|Any CPU.Build.0 = Ad-Hoc|iPhone
		{27297E3A-2FB7-4931-92D0-45E330650308}.Ad-Hoc|Any CPU.Deploy.0 = Ad-Hoc|iPhone
		{27297E3A-2FB7-4931-92D0-45E330650308}.Ad-Hoc|iPhone.ActiveCfg = Ad-Hoc|iPhone
		{27297E3A-2FB7-4931-92D0-45E330650308}.Ad-Hoc|iPhone.Build.0 = Ad-Hoc|iPhone
		{27297E3A-2FB7-4931-92D0-45E330650308}.Ad-Hoc|iPhone.Deploy.0 = Ad-Hoc|iPhone
		{27297E3A-2FB7-4931-92D0-45E330650308}.Ad-Hoc|iPhoneSimulator.ActiveCfg = Ad-Hoc|iPhoneSimulator
		{27297E3A-2FB7-4931-92D0-45E330650308}.Ad-Hoc|iPhoneSimulator.Build.0 = Ad-Hoc|iPhoneSimulator
		{27297E3A-2FB7-4931-92D0-45E330650308}.Ad-Hoc|iPhoneSimulator.Deploy.0 = Ad-Hoc|iPhoneSimulator
		{27297E3A-2FB7-4931-92D0-45E330650308}.AppStore|Any CPU.ActiveCfg = AppStore|iPhone
		{27297E3A-2FB7-4931-92D0-45E330650308}.AppStore|Any CPU.Build.0 = AppStore|iPhone
		{27297E3A-2FB7-4931-92D0-45E330650308}.AppStore|Any CPU.Deploy.0 = AppStore|iPhone
		{27297E3A-2FB7-4931-92D0-45E330650308}.AppStore|iPhone.ActiveCfg = AppStore|iPhone
		{27297E3A-2FB7-4931-92D0-45E330650308}.AppStore|iPhone.Build.0 = AppStore|iPhone
		{27297E3A-2FB7-4931-92D0-45E330650308}.AppStore|iPhone.Deploy.0 = AppStore|iPhone
		{27297E3A-2FB7-4931-92D0-45E330650308}.AppStore|iPhoneSimulator.ActiveCfg = AppStore|iPhoneSimulator
		{27297E3A-2FB7-4931-92D0-45E330650308}.AppStore|iPhoneSimulator.Build.0 = AppStore|iPhoneSimulator
		{27297E3A-2FB7-4931-92D0-45E330650308}.AppStore|iPhoneSimulator.Deploy.0 = AppStore|iPhoneSimulator
		{27297E3A-2FB7-4931-92D0-45E330650308}.Debug|Any CPU.ActiveCfg = Debug|iPhoneSimulator
		{27297E3A-2FB7-4931-92D0-45E330650308}.Debug|Any CPU.Build.0 = Debug|iPhoneSimulator
		{27297E3A-2FB7-4931-92D0-45E330650308}.Debug|Any CPU.Deploy.0 = Debug|iPhoneSimulator
		{27297E3A-2FB7-4931-92D0-45E330650308}.Debug|iPhone.ActiveCfg = Debug|iPhone
		{27297E3A-2FB7-4931-92D0-45E330650308}.Debug|iPhone.Build.0 = Debug|iPhone
		{27297E3A-2FB7-4931-92D0-45E330650308}.Debug|iPhone.Deploy.0 = Debug|iPhone
		{27297E3A-2FB7-4931-92D0-45E330650308}.Debug|iPhoneSimulator.ActiveCfg = Debug|iPhoneSimulator
		{27297E3A-2FB7-4931-92D0-45E330650308}.Debug|iPhoneSimulator.Build.0 = Debug|iPhoneSimulator
		{27297E3A-2FB7-4931-92D0-45E330650308}.Debug|iPhoneSimulator.Deploy.0 = Debug|iPhoneSimulator
		{27297E3A-2FB7-4931-92D0-45E330650308}.Release|Any CPU.ActiveCfg = Release|iPhone
		{27297E3A-2FB7-4931-92D0-45E330650308}.Release|Any CPU.Build.0 = Release|iPhone
		{27297E3A-2FB7-4931-92D0-45E330650308}.Release|Any CPU.Deploy.0 = Release|iPhone
		{27297E3A-2FB7-4931-92D0-45E330650308}.Release|iPhone.ActiveCfg = Release|iPhone
		{27297E3A-2FB7-4931-92D0-45E330650308}.Release|iPhone.Build.0 = Release|iPhone
		{27297E3A-2FB7-4931-92D0-45E330650308}.Release|iPhone.Deploy.0 = Release|iPhone
		{27297E3A-2FB7-4931-92D0-45E330650308}.Release|iPhoneSimulator.ActiveCfg = Release|iPhoneSimulator
		{27297E3A-2FB7-4931-92D0-45E330650308}.Release|iPhoneSimulator.Build.0 = Release|iPhoneSimulator
		{27297E3A-2FB7-4931-92D0-45E330650308}.Release|iPhoneSimulator.Deploy.0 = Release|iPhoneSimulator
		{B42ED7AF-D19E-4B23-89A5-848B470430E1}.Ad-Hoc|Any CPU.ActiveCfg = Debug|Any CPU
		{B42ED7AF-D19E-4B23-89A5-848B470430E1}.Ad-Hoc|Any CPU.Build.0 = Debug|Any CPU
		{B42ED7AF-D19E-4B23-89A5-848B470430E1}.Ad-Hoc|Any CPU.Deploy.0 = Debug|Any CPU
		{B42ED7AF-D19E-4B23-89A5-848B470430E1}.Ad-Hoc|iPhone.ActiveCfg = Debug|Any CPU
		{B42ED7AF-D19E-4B23-89A5-848B470430E1}.Ad-Hoc|iPhone.Build.0 = Debug|Any CPU
		{B42ED7AF-D19E-4B23-89A5-848B470430E1}.Ad-Hoc|iPhone.Deploy.0 = Debug|Any CPU
		{B42ED7AF-D19E-4B23-89A5-848B470430E1}.Ad-Hoc|iPhoneSimulator.ActiveCfg = Debug|Any CPU
		{B42ED7AF-D19E-4B23-89A5-848B470430E1}.Ad-Hoc|iPhoneSimulator.Build.0 = Debug|Any CPU
		{B42ED7AF-D19E-4B23-89A5-848B470430E1}.Ad-Hoc|iPhoneSimulator.Deploy.0 = Debug|Any CPU
		{B42ED7AF-D19E-4B23-89A5-848B470430E1}.AppStore|Any CPU.ActiveCfg = Debug|Any CPU
		{B42ED7AF-D19E-4B23-89A5-848B470430E1}.AppStore|Any CPU.Build.0 = Debug|Any CPU
		{B42ED7AF-D19E-4B23-89A5-848B470430E1}.AppStore|Any CPU.Deploy.0 = Debug|Any CPU
		{B42ED7AF-D19E-4B23-89A5-848B470430E1}.AppStore|iPhone.ActiveCfg = Debug|Any CPU
		{B42ED7AF-D19E-4B23-89A5-848B470430E1}.AppStore|iPhone.Build.0 = Debug|Any CPU
		{B42ED7AF-D19E-4B23-89A5-848B470430E1}.AppStore|iPhone.Deploy.0 = Debug|Any CPU
		{B42ED7AF-D19E-4B23-89A5-848B470430E1}.AppStore|iPhoneSimulator.ActiveCfg = Debug|Any CPU
		{B42ED7AF-D19E-4B23-89A5-848B470430E1}.AppStore|iPhoneSimulator.Build.0 = Debug|Any CPU
		{B42ED7AF-D19E-4B23-89A5-848B470430E1}.AppStore|iPhoneSimulator.Deploy.0 = Debug|Any CPU
		{B42ED7AF-D19E-4B23-89A5-848B470430E1}.Debug|Any CPU.ActiveCfg = Debug|Any CPU
		{B42ED7AF-D19E-4B23-89A5-848B470430E1}.Debug|Any CPU.Build.0 = Debug|Any CPU
		{B42ED7AF-D19E-4B23-89A5-848B470430E1}.Debug|Any CPU.Deploy.0 = Debug|Any CPU
		{B42ED7AF-D19E-4B23-89A5-848B470430E1}.Debug|iPhone.ActiveCfg = Debug|Any CPU
		{B42ED7AF-D19E-4B23-89A5-848B470430E1}.Debug|iPhone.Build.0 = Debug|Any CPU
		{B42ED7AF-D19E-4B23-89A5-848B470430E1}.Debug|iPhone.Deploy.0 = Debug|Any CPU
		{B42ED7AF-D19E-4B23-89A5-848B470430E1}.Debug|iPhoneSimulator.ActiveCfg = Debug|Any CPU
		{B42ED7AF-D19E-4B23-89A5-848B470430E1}.Debug|iPhoneSimulator.Build.0 = Debug|Any CPU
		{B42ED7AF-D19E-4B23-89A5-848B470430E1}.Debug|iPhoneSimulator.Deploy.0 = Debug|Any CPU
		{B42ED7AF-D19E-4B23-89A5-848B470430E1}.Release|Any CPU.ActiveCfg = Release|Any CPU
		{B42ED7AF-D19E-4B23-89A5-848B470430E1}.Release|Any CPU.Build.0 = Release|Any CPU
		{B42ED7AF-D19E-4B23-89A5-848B470430E1}.Release|Any CPU.Deploy.0 = Release|Any CPU
		{B42ED7AF-D19E-4B23-89A5-848B470430E1}.Release|iPhone.ActiveCfg = Release|Any CPU
		{B42ED7AF-D19E-4B23-89A5-848B470430E1}.Release|iPhone.Build.0 = Release|Any CPU
		{B42ED7AF-D19E-4B23-89A5-848B470430E1}.Release|iPhone.Deploy.0 = Release|Any CPU
		{B42ED7AF-D19E-4B23-89A5-848B470430E1}.Release|iPhoneSimulator.ActiveCfg = Release|Any CPU
		{B42ED7AF-D19E-4B23-89A5-848B470430E1}.Release|iPhoneSimulator.Build.0 = Release|Any CPU
		{B42ED7AF-D19E-4B23-89A5-848B470430E1}.Release|iPhoneSimulator.Deploy.0 = Release|Any CPU
	EndGlobalSection
	GlobalSection(SolutionProperties) = preSolution
		HideSolutionNode = FALSE
	EndGlobalSection
	GlobalSection(ExtensibilityGlobals) = postSolution
		SolutionGuid = {67C445E4-B9BD-4C0F-A6BD-DB1336EACD32}
	EndGlobalSection
EndGlobal
